
Microsoft Visual Studio Solution File, Format Version 12.00
# Visual Studio 15
VisualStudioVersion = 15.0.28307.852
MinimumVisualStudioVersion = 10.0.40219.1
Project("{8BC9CEB8-8B4A-11D0-8D11-00A0C91BC942}") = "Sudoku", "Sudoku\Sudoku.vcxproj", "{DB3600E4-3FE0-4EAC-8CA2-EBCCD256C368}"
EndProject
Global
	GlobalSection(SolutionConfigurationPlatforms) = preSolution
		Debug|x64 = Debug|x64
		Debug|x86 = Debug|x86
		Release|x64 = Release|x64
		Release|x86 = Release|x86
	EndGlobalSection
	GlobalSection(ProjectConfigurationPlatforms) = postSolution
		{DB3600E4-3FE0-4EAC-8CA2-EBCCD256C368}.Debug|x64.ActiveCfg = Debug|x64
		{DB3600E4-3FE0-4EAC-8CA2-EBCCD256C368}.Debug|x64.Build.0 = Debug|x64
		{DB3600E4-3FE0-4EAC-8CA2-EBCCD256C368}.Debug|x86.ActiveCfg = Debug|Win32
		{DB3600E4-3FE0-4EAC-8CA2-EBCCD256C368}.Debug|x86.Build.0 = Debug|Win32
		{DB3600E4-3FE0-4EAC-8CA2-EBCCD256C368}.Release|x64.ActiveCfg = Release|x64
		{DB3600E4-3FE0-4EAC-8CA2-EBCCD256C368}.Release|x64.Build.0 = Release|x64
		{DB3600E4-3FE0-4EAC-8CA2-EBCCD256C368}.Release|x86.ActiveCfg = Release|Win32
		{DB3600E4-3FE0-4EAC-8CA2-EBCCD256C368}.Release|x86.Build.0 = Release|Win32
	EndGlobalSection
	GlobalSection(SolutionProperties) = preSolution
		HideSolutionNode = FALSE
	EndGlobalSection
	GlobalSection(ExtensibilityGlobals) = postSolution
		SolutionGuid = {CE3A41BF-BBE1-4300-843E-186C4BB43CDC}
	EndGlobalSection
EndGlobal
